#MicroXplorer Configuration settings - do not modify
BSP_IP_NAME=NUCLEO-C071RB
CAD.formats=
CAD.pinconfig=
CAD.provider=
Dma.Request0=USART2_TX
Dma.RequestsNb=1
Dma.USART2_TX.0.Direction=DMA_MEMORY_TO_PERIPH
Dma.USART2_TX.0.EventEnable=DISABLE
Dma.USART2_TX.0.Instance=DMA1_Channel1
Dma.USART2_TX.0.MemDataAlignment=DMA_MDATAALIGN_BYTE
Dma.USART2_TX.0.MemInc=DMA_MINC_ENABLE
Dma.USART2_TX.0.Mode=DMA_NORMAL
Dma.USART2_TX.0.PeriphDataAlignment=DMA_PDATAALIGN_BYTE
Dma.USART2_TX.0.PeriphInc=DMA_PINC_DISABLE
Dma.USART2_TX.0.Polarity=HAL_DMAMUX_REQ_GEN_RISING
Dma.USART2_TX.0.Priority=DMA_PRIORITY_LOW
Dma.USART2_TX.0.RequestNumber=1
Dma.USART2_TX.0.RequestParameters=Instance,Direction,PeriphInc,MemInc,PeriphDataAlignment,MemDataAlignment,Mode,Priority,SignalID,Polarity,RequestNumber,SyncSignalID,SyncPolarity,SyncEnable,EventEnable,SyncRequestNumber
Dma.USART2_TX.0.SignalID=NONE
Dma.USART2_TX.0.SyncEnable=DISABLE
Dma.USART2_TX.0.SyncPolarity=HAL_DMAMUX_SYNC_NO_EVENT
Dma.USART2_TX.0.SyncRequestNumber=1
Dma.USART2_TX.0.SyncSignalID=NONE
File.Version=6
GPIO.groupedBy=Group By Peripherals
I2C2.IPParameters=Timing
I2C2.Timing=0x10805D88
KeepUserPlacement=false
Mcu.CPN=STM32C071RBT6
Mcu.Family=STM32C0
Mcu.IP0=CORTEX_M0+
Mcu.IP1=DMA
Mcu.IP10=NUCLEO-C071RB
Mcu.IP2=I2C2
Mcu.IP3=NVIC
Mcu.IP4=RCC
Mcu.IP5=SYS
Mcu.IP6=THREADX
Mcu.IP7=USART2
Mcu.IP8=USB
Mcu.IP9=USBX
Mcu.IPNb=11
Mcu.Name=STM32C071RBTx
Mcu.Package=LQFP64_GP
Mcu.Pin0=PC13
Mcu.Pin1=PA2
Mcu.Pin10=PB15
Mcu.Pin11=PA8
Mcu.Pin12=PD8
Mcu.Pin13=PD9
Mcu.Pin14=PA10
Mcu.Pin15=PA11 [PA9]
Mcu.Pin16=PA12 [PA10]
Mcu.Pin17=PC8
Mcu.Pin18=PC9
Mcu.Pin19=PB4
Mcu.Pin2=PA3
Mcu.Pin20=PB5
Mcu.Pin21=PB6
Mcu.Pin22=PB7
Mcu.Pin23=VP_RCC_USB
Mcu.Pin24=VP_SYS_VS_tim17
Mcu.Pin25=VP_THREADX_VS_RTOSJjThreadXJjCoreJjDefault
Mcu.Pin26=VP_USBX_Core_System
Mcu.Pin27=VP_USBX_UX Device CoreStack_FS
Mcu.Pin28=VP_USBX_UX Device Controller_FS
Mcu.Pin29=VP_USBX_UX Device CDC ACM Class_FS
Mcu.Pin3=PA5
Mcu.Pin4=PA6
Mcu.Pin5=PA7
Mcu.Pin6=PB1
Mcu.Pin7=PB10
Mcu.Pin8=PB13
Mcu.Pin9=PB14
Mcu.PinsNb=30
Mcu.ThirdPartyNb=0
Mcu.UserConstants=
Mcu.UserName=STM32C071RBTx
MxCube.Version=6.15.0
MxDb.Version=DB.6.0.150
NVIC.DMA1_Channel1_IRQn=true\:0\:0\:false\:false\:true\:true\:false\:true\:true
NVIC.ForceEnableDMAVector=true
NVIC.HardFault_IRQn=true\:0\:0\:false\:false\:true\:false\:false\:false\:false
NVIC.NonMaskableInt_IRQn=true\:0\:0\:false\:false\:true\:false\:false\:false\:false
NVIC.PendSV_IRQn=true\:0\:0\:false\:false\:false\:false\:false\:false\:false
NVIC.SVCall_IRQn=true\:0\:0\:false\:false\:false\:false\:false\:false\:false
NVIC.SavedPendsvIrqHandlerGenerated=true
NVIC.SavedSvcallIrqHandlerGenerated=true
NVIC.SavedSystickIrqHandlerGenerated=true
NVIC.SysTick_IRQn=true\:0\:0\:false\:false\:false\:false\:false\:true\:false
NVIC.TIM17_IRQn=true\:3\:0\:false\:false\:true\:false\:false\:true\:true
NVIC.TimeBase=TIM17_IRQn
NVIC.TimeBaseIP=TIM17
NVIC.USART2_IRQn=true\:0\:0\:false\:false\:true\:false\:true\:true\:true
NVIC.USB_DRD_FS_IRQn=true\:2\:0\:true\:false\:true\:false\:true\:true\:true
PA10.GPIOParameters=GPIO_Label
PA10.GPIO_Label=Y_Sleep
PA10.Locked=true
PA10.Signal=GPIO_Output
PA11\ [PA9].Mode=Device
PA11\ [PA9].Signal=USB_DM
PA12\ [PA10].Mode=Device
PA12\ [PA10].Signal=USB_DP
PA2.GPIOParameters=GPIO_Speed,GPIO_PuPd
PA2.GPIO_PuPd=GPIO_PULLUP
PA2.GPIO_Speed=GPIO_SPEED_FREQ_LOW
PA2.Locked=true
PA2.Mode=Asynchronous
PA2.Signal=USART2_TX
PA3.GPIOParameters=GPIO_PuPd
PA3.GPIO_PuPd=GPIO_PULLUP
PA3.Locked=true
PA3.Mode=Asynchronous
PA3.Signal=USART2_RX
PA5.GPIOParameters=GPIO_Label
PA5.GPIO_Label=GreenLED
PA5.Locked=true
PA5.Signal=GPIO_Output
PA6.Mode=I2C
PA6.Signal=I2C2_SDA
PA7.Mode=I2C
PA7.Signal=I2C2_SCL
PA8.GPIOParameters=GPIO_Label
PA8.GPIO_Label=X_IN3
PA8.Locked=true
PA8.Signal=GPIO_Output
PB1.GPIOParameters=GPIO_Label
PB1.GPIO_Label=Y_IN4
PB1.Locked=true
PB1.Signal=GPIO_Output
PB10.GPIOParameters=GPIO_Label
PB10.GPIO_Label=Y_Sleep
PB10.Locked=true
PB10.Signal=GPIO_Output
PB13.GPIOParameters=GPIO_Label
PB13.GPIO_Label=Y_IN1
PB13.Locked=true
PB13.Signal=GPIO_Output
PB14.GPIOParameters=GPIO_Label
PB14.GPIO_Label=Y_IN2
PB14.Locked=true
PB14.Signal=GPIO_Output
PB15.GPIOParameters=GPIO_Label
PB15.GPIO_Label=Y_IN3
PB15.Locked=true
PB15.Signal=GPIO_Output
PB4.GPIOParameters=GPIO_Label
PB4.GPIO_Label=X_IN1
PB4.Locked=true
PB4.Signal=GPIO_Output
PB5.GPIOParameters=GPIO_Label
PB5.GPIO_Label=X_IN2
PB5.Locked=true
PB5.Signal=GPIO_Output
PB6.GPIOParameters=GPIO_Label
PB6.GPIO_Label=Y_nEnable
PB6.Locked=true
PB6.Signal=GPIO_Output
PB7.GPIOParameters=GPIO_Label,GPIO_ModeDefaultEXTI
PB7.GPIO_Label=X_nFault
PB7.GPIO_ModeDefaultEXTI=GPIO_MODE_IT_FALLING
PB7.Locked=true
PB7.Signal=GPXTI7
PC13.GPIOParameters=GPIO_Label
PC13.GPIO_Label=MCUbtn
PC13.Locked=true
PC13.Signal=GPXTI13
PC8.GPIOParameters=GPIO_Label
PC8.GPIO_Label=X_IN4
PC8.Locked=true
PC8.Signal=GPIO_Output
PC9.GPIOParameters=GPIO_Label
PC9.GPIO_Label=BlueLED
PC9.Locked=true
PC9.Signal=GPIO_Output
PD8.GPIOParameters=GPIO_Label
PD8.GPIO_Label=Y_nEnable
PD8.Locked=true
PD8.Signal=GPIO_Output
PD9.GPIOParameters=GPIO_Label,GPIO_ModeDefaultEXTI
PD9.GPIO_Label=Y_nFault
PD9.GPIO_ModeDefaultEXTI=GPIO_MODE_IT_FALLING
PD9.Locked=true
PD9.Signal=GPXTI9
PinOutPanel.RotationAngle=0
ProjectManager.AskForMigrate=true
ProjectManager.BackupPrevious=false
ProjectManager.CompilerLinker=GCC
ProjectManager.CompilerOptimize=6
ProjectManager.ComputerToolchain=false
ProjectManager.CoupleFile=false
ProjectManager.CustomerFirmwarePackage=
ProjectManager.DefaultFWLocation=true
ProjectManager.DeletePrevious=true
ProjectManager.DeviceId=STM32C071RBTx
ProjectManager.Example=Ux_Device_CDC_ACM
ProjectManager.ExampleSource=MxCubeFw
ProjectManager.FirmwarePackage=STM32Cube FW_C0 V1.4.0
ProjectManager.FreePins=false
ProjectManager.HalAssertFull=false
ProjectManager.HeapSize=0x200
ProjectManager.KeepUserCode=true
ProjectManager.LastFirmware=true
ProjectManager.LibraryCopy=1
ProjectManager.MainLocation=Core/Src
ProjectManager.NoMain=false
ProjectManager.PreviousToolchain=
ProjectManager.ProjectBuild=false
ProjectManager.ProjectFileName=Ux_Device_CDC_ACM.ioc
ProjectManager.ProjectName=Ux_Device_CDC_ACM
ProjectManager.ProjectStructure=
ProjectManager.RegisterCallBack=
ProjectManager.StackSize=0x400
ProjectManager.TargetToolchain=STM32CubeIDE
ProjectManager.ToolChainLocation=
ProjectManager.UAScriptAfterPath=
ProjectManager.UAScriptBeforePath=
ProjectManager.UnderRoot=false
ProjectManager.functionlistsort=1-SystemClock_Config-RCC-false-HAL-false,2-MX_GPIO_Init-GPIO-false-HAL-true,3-MX_DMA_Init-DMA-false-HAL-true,4-MX_USART2_UART_Init-USART2-true-HAL-false,5-MX_USBX_Init-USBX-false-HAL-false,6-MX_USB_PCD_Init-USB-false-HAL-false,7-MX_I2C2_Init-I2C2-false-HAL-true,0-MX_CORTEX_M0+_Init-CORTEX_M0+-false-HAL-true
RCC.ADCFreq_Value=48000000
RCC.AHBFreq_Value=48000000
RCC.APBFreq_Value=48000000
RCC.APBTimFreq_Value=48000000
RCC.CortexFreq_Value=48000000
RCC.EXTERNAL_CLOCK_VALUE=12288000
RCC.FCLKCortexFreq_Value=48000000
RCC.FamilyName=M
RCC.HCLKFreq_Value=48000000
RCC.HSE_VALUE=8000000
RCC.HSI48_VALUE=48000000
RCC.HSIKERCLKDivider=RCC_HSIKER_DIV1
RCC.HSISYSCLKDivider=RCC_HSI_DIV1
RCC.HSI_VALUE=48000000
RCC.I2C1Freq_Value=48000000
RCC.I2S1Freq_Value=48000000
RCC.IPParameters=ADCFreq_Value,AHBFreq_Value,APBFreq_Value,APBTimFreq_Value,CortexFreq_Value,EXTERNAL_CLOCK_VALUE,FCLKCortexFreq_Value,FamilyName,HCLKFreq_Value,HSE_VALUE,HSI48_VALUE,HSIKERCLKDivider,HSISYSCLKDivider,HSI_VALUE,I2C1Freq_Value,I2S1Freq_Value,LSCOPinFreq_Value,LSE_VALUE,LSI_VALUE,MCO1PinFreq_Value,MCO2PinFreq_Value,PWRFreq_Value,SYSCLKFreq_VALUE,USART1Freq_Value
RCC.LSCOPinFreq_Value=32000
RCC.LSE_VALUE=32768
RCC.LSI_VALUE=32000
RCC.MCO1PinFreq_Value=48000000
RCC.MCO2PinFreq_Value=48000000
RCC.PWRFreq_Value=48000000
RCC.SYSCLKFreq_VALUE=48000000
RCC.USART1Freq_Value=48000000
SH.GPXTI13.0=GPIO_EXTI13
SH.GPXTI13.ConfNb=1
SH.GPXTI7.0=GPIO_EXTI7
SH.GPXTI7.ConfNb=1
SH.GPXTI9.0=GPIO_EXTI9
SH.GPXTI9.ConfNb=1
THREADX.IPParameters=TX_TIMER_TICKS_PER_SECOND
THREADX.TX_TIMER_TICKS_PER_SECOND=1000
USART2.IPParameters=VirtualMode-Asynchronous
USART2.VirtualMode-Asynchronous=VM_ASYNC
USB.IPParameters=VirtualMode
USB.VirtualMode=Device_Only
USBX.Core_System=1
USBX.IPParameters=Core_System,UX_Device_CoreStack,USBX_DEVICE_SYS_SIZE,USBD_PID,USBD_PRODUCT_STRING,USBD_SERIAL_NUMBER,UX_SLAVE_REQUEST_DATA_MAX_LENGTH,UX_DEVICE_APP_MEM_POOL_SIZE,UX_Device_Controller,UX_DEVICE_CDC_ACM,USBD_CDCACM_EPIN_ADDR,UX_DEVICE_CLASS_CDC_ACM_WRITE_AUTO_ZLP,USBD_CDCACM_EPINCMD_ADDR,REG_USBX_DEVICE_CON_CK
USBX.REG_USBX_DEVICE_CON_CK=0
USBX.USBD_CDCACM_EPINCMD_ADDR=2
USBX.USBD_CDCACM_EPIN_ADDR=1
USBX.USBD_PID=22336
USBX.USBD_PRODUCT_STRING=STM32 Virtual ComPort
USBX.USBD_SERIAL_NUMBER=CDC_ACM001
USBX.USBX_DEVICE_SYS_SIZE=4*1024
USBX.UX_DEVICE_APP_MEM_POOL_SIZE=8192
USBX.UX_DEVICE_CDC_ACM=1
USBX.UX_DEVICE_CLASS_CDC_ACM_WRITE_AUTO_ZLP=1
USBX.UX_Device_Controller=1
USBX.UX_Device_CoreStack=1
USBX.UX_SLAVE_REQUEST_DATA_MAX_LENGTH=512
VP_RCC_USB.Mode=CRS SYNC Source USB
VP_RCC_USB.Signal=RCC_USB
VP_SYS_VS_tim17.Mode=TIM17
VP_SYS_VS_tim17.Signal=SYS_VS_tim17
VP_THREADX_VS_RTOSJjThreadXJjCoreJjDefault.Mode=Core_Default
VP_THREADX_VS_RTOSJjThreadXJjCoreJjDefault.Signal=THREADX_VS_RTOSJjThreadXJjCoreJjDefault
VP_USBX_Core_System.Mode=Core_System
VP_USBX_Core_System.Signal=USBX_Core_System
VP_USBX_UX\ Device\ CDC\ ACM\ Class_FS.Mode=UX_Device_class_CDC_ACM_FS
VP_USBX_UX\ Device\ CDC\ ACM\ Class_FS.Signal=USBX_UX Device CDC ACM Class_FS
VP_USBX_UX\ Device\ Controller_FS.Mode=UX_Device_Controller_FS
VP_USBX_UX\ Device\ Controller_FS.Signal=USBX_UX Device Controller_FS
VP_USBX_UX\ Device\ CoreStack_FS.Mode=UX_Device_CoreStack_FS
VP_USBX_UX\ Device\ CoreStack_FS.Signal=USBX_UX Device CoreStack_FS
board=NUCLEO-C071RB
boardIOC=true
isbadioc=false
